// !$*UTF8*$!
{
	archiveVersion = 1;
	classes = {
	};
	objectVersion = 50;
	objects = {

/* Begin PBXBuildFile section */
		28AB5F142BD439F1003CEF8B /* AppDelegate.swift in Sources */ = {isa = PBXBuildFile; fileRef = 28AB5F132BD439F1003CEF8B /* AppDelegate.swift */; };
		28AB5F162BD439F1003CEF8B /* SceneDelegate.swift in Sources */ = {isa = PBXBuildFile; fileRef = 28AB5F152BD439F1003CEF8B /* SceneDelegate.swift */; };
		28AB5F182BD439F1003CEF8B /* ViewController.swift in Sources */ = {isa = PBXBuildFile; fileRef = 28AB5F172BD439F1003CEF8B /* ViewController.swift */; };
		28AB5F1B2BD439F1003CEF8B /* Main.storyboard in Resources */ = {isa = PBXBuildFile; fileRef = 28AB5F192BD439F1003CEF8B /* Main.storyboard */; };
		28AB5F1D2BD439F6003CEF8B /* Assets.xcassets in Resources */ = {isa = PBXBuildFile; fileRef = 28AB5F1C2BD439F6003CEF8B /* Assets.xcassets */; };
		28AB5F202BD439F6003CEF8B /* LaunchScreen.storyboard in Resources */ = {isa = PBXBuildFile; fileRef = 28AB5F1E2BD439F6003CEF8B /* LaunchScreen.storyboard */; };
		28AB5F292BD53CA6003CEF8B /* MyCollectionViewCell.swift in Sources */ = {isa = PBXBuildFile; fileRef = 28AB5F272BD53CA6003CEF8B /* MyCollectionViewCell.swift */; };
		28AB5F2A2BD53CA6003CEF8B /* MyCollectionViewCell.xib in Resources */ = {isa = PBXBuildFile; fileRef = 28AB5F282BD53CA6003CEF8B /* MyCollectionViewCell.xib */; };
		28AB5F2C2BD57483003CEF8B /* ImageLoader.swift in Sources */ = {isa = PBXBuildFile; fileRef = 28AB5F2B2BD57483003CEF8B /* ImageLoader.swift */; };
		28AB5F2E2BD5750A003CEF8B /* ImageModel.swift in Sources */ = {isa = PBXBuildFile; fileRef = 28AB5F2D2BD5750A003CEF8B /* ImageModel.swift */; };
		28AB5F302BD5754E003CEF8B /* ImageViewModel.swift in Sources */ = {isa = PBXBuildFile; fileRef = 28AB5F2F2BD5754E003CEF8B /* ImageViewModel.swift */; };
/* End PBXBuildFile section */

/* Begin PBXFileReference section */
		28AB5F102BD439F1003CEF8B /* iOS Assignment.app */ = {isa = PBXFileReference; explicitFileType = wrapper.application; includeInIndex = 0; path = "iOS Assignment.app"; sourceTree = BUILT_PRODUCTS_DIR; };
		28AB5F132BD439F1003CEF8B /* AppDelegate.swift */ = {isa = PBXFileReference; lastKnownFileType = sourcecode.swift; path = AppDelegate.swift; sourceTree = "<group>"; };
		28AB5F152BD439F1003CEF8B /* SceneDelegate.swift */ = {isa = PBXFileReference; lastKnownFileType = sourcecode.swift; path = SceneDelegate.swift; sourceTree = "<group>"; };
		28AB5F172BD439F1003CEF8B /* ViewController.swift */ = {isa = PBXFileReference; lastKnownFileType = sourcecode.swift; path = ViewController.swift; sourceTree = "<group>"; };
		28AB5F1A2BD439F1003CEF8B /* Base */ = {isa = PBXFileReference; lastKnownFileType = file.storyboard; name = Base; path = Base.lproj/Main.storyboard; sourceTree = "<group>"; };
		28AB5F1C2BD439F6003CEF8B /* Assets.xcassets */ = {isa = PBXFileReference; lastKnownFileType = folder.assetcatalog; path = Assets.xcassets; sourceTree = "<group>"; };
		28AB5F1F2BD439F6003CEF8B /* Base */ = {isa = PBXFileReference; lastKnownFileType = file.storyboard; name = Base; path = Base.lproj/LaunchScreen.storyboard; sourceTree = "<group>"; };
		28AB5F212BD439F6003CEF8B /* Info.plist */ = {isa = PBXFileReference; lastKnownFileType = text.plist.xml; path = Info.plist; sourceTree = "<group>"; };
		28AB5F272BD53CA6003CEF8B /* MyCollectionViewCell.swift */ = {isa = PBXFileReference; lastKnownFileType = sourcecode.swift; path = MyCollectionViewCell.swift; sourceTree = "<group>"; };
		28AB5F282BD53CA6003CEF8B /* MyCollectionViewCell.xib */ = {isa = PBXFileReference; lastKnownFileType = file.xib; path = MyCollectionViewCell.xib; sourceTree = "<group>"; };
		28AB5F2B2BD57483003CEF8B /* ImageLoader.swift */ = {isa = PBXFileReference; lastKnownFileType = sourcecode.swift; path = ImageLoader.swift; sourceTree = "<group>"; };
		28AB5F2D2BD5750A003CEF8B /* ImageModel.swift */ = {isa = PBXFileReference; lastKnownFileType = sourcecode.swift; path = ImageModel.swift; sourceTree = "<group>"; };
		28AB5F2F2BD5754E003CEF8B /* ImageViewModel.swift */ = {isa = PBXFileReference; lastKnownFileType = sourcecode.swift; path = ImageViewModel.swift; sourceTree = "<group>"; };
/* End PBXFileReference section */

/* Begin PBXFrameworksBuildPhase section */
		28AB5F0D2BD439F1003CEF8B /* Frameworks */ = {
			isa = PBXFrameworksBuildPhase;
			buildActionMask = 2147483647;
			files = (
			);
			runOnlyForDeploymentPostprocessing = 0;
		};
/* End PBXFrameworksBuildPhase section */

/* Begin PBXGroup section */
		28AB5F072BD439F1003CEF8B = {
			isa = PBXGroup;
			children = (
				28AB5F122BD439F1003CEF8B /* iOS Assignment */,
				28AB5F112BD439F1003CEF8B /* Products */,
			);
			sourceTree = "<group>";
		};
		28AB5F112BD439F1003CEF8B /* Products */ = {
			isa = PBXGroup;
			children = (
				28AB5F102BD439F1003CEF8B /* iOS Assignment.app */,
			);
			name = Products;
			sourceTree = "<group>";
		};
		28AB5F122BD439F1003CEF8B /* iOS Assignment */ = {
			isa = PBXGroup;
			children = (
				28AB5F212BD439F6003CEF8B /* Info.plist */,
				28AB5F3B2BD5C7BF003CEF8B /* Other */,
				28AB5F3A2BD5C790003CEF8B /* ImageLoader */,
				28AB5F392BD5C73B003CEF8B /* View */,
				28AB5F382BD5C737003CEF8B /* ViewModel */,
				28AB5F372BD5C732003CEF8B /* Model */,
			);
			path = "iOS Assignment";
			sourceTree = "<group>";
		};
		28AB5F372BD5C732003CEF8B /* Model */ = {
			isa = PBXGroup;
			children = (
				28AB5F2D2BD5750A003CEF8B /* ImageModel.swift */,
			);
			path = Model;
			sourceTree = "<group>";
		};
		28AB5F382BD5C737003CEF8B /* ViewModel */ = {
			isa = PBXGroup;
			children = (
				28AB5F2F2BD5754E003CEF8B /* ImageViewModel.swift */,
			);
			path = ViewModel;
			sourceTree = "<group>";
		};
		28AB5F392BD5C73B003CEF8B /* View */ = {
			isa = PBXGroup;
			children = (
				28AB5F172BD439F1003CEF8B /* ViewController.swift */,
				28AB5F272BD53CA6003CEF8B /* MyCollectionViewCell.swift */,
				28AB5F192BD439F1003CEF8B /* Main.storyboard */,
				28AB5F282BD53CA6003CEF8B /* MyCollectionViewCell.xib */,
			);
			path = View;
			sourceTree = "<group>";
		};
		28AB5F3A2BD5C790003CEF8B /* ImageLoader */ = {
			isa = PBXGroup;
			children = (
				28AB5F2B2BD57483003CEF8B /* ImageLoader.swift */,
			);
			path = ImageLoader;
			sourceTree = "<group>";
		};
		28AB5F3B2BD5C7BF003CEF8B /* Other */ = {
			isa = PBXGroup;
			children = (
				28AB5F132BD439F1003CEF8B /* AppDelegate.swift */,
				28AB5F152BD439F1003CEF8B /* SceneDelegate.swift */,
				28AB5F1E2BD439F6003CEF8B /* LaunchScreen.storyboard */,
				28AB5F1C2BD439F6003CEF8B /* Assets.xcassets */,
			);
			path = Other;
			sourceTree = "<group>";
		};
/* End PBXGroup section */

/* Begin PBXNativeTarget section */
		28AB5F0F2BD439F1003CEF8B /* iOS Assignment */ = {
			isa = PBXNativeTarget;
			buildConfigurationList = 28AB5F242BD439F6003CEF8B /* Build configuration list for PBXNativeTarget "iOS Assignment" */;
			buildPhases = (
				28AB5F0C2BD439F1003CEF8B /* Sources */,
				28AB5F0D2BD439F1003CEF8B /* Frameworks */,
				28AB5F0E2BD439F1003CEF8B /* Resources */,
			);
			buildRules = (
			);
			dependencies = (
			);
			name = "iOS Assignment";
			packageProductDependencies = (
			);
			productName = "iOS Assignment";
			productReference = 28AB5F102BD439F1003CEF8B /* iOS Assignment.app */;
			productType = "com.apple.product-type.application";
		};
/* End PBXNativeTarget section */

/* Begin PBXProject section */
		28AB5F082BD439F1003CEF8B /* Project object */ = {
			isa = PBXProject;
			attributes = {
				LastSwiftUpdateCheck = 1250;
				LastUpgradeCheck = 1250;
				TargetAttributes = {
					28AB5F0F2BD439F1003CEF8B = {
						CreatedOnToolsVersion = 12.5.1;
					};
				};
			};
			buildConfigurationList = 28AB5F0B2BD439F1003CEF8B /* Build configuration list for PBXProject "iOS Assignment" */;
			compatibilityVersion = "Xcode 9.3";
			developmentRegion = en;
			hasScannedForEncodings = 0;
			knownRegions = (
				en,
				Base,
			);
			mainGroup = 28AB5F072BD439F1003CEF8B;
			packageReferences = (
			);
			productRefGroup = 28AB5F112BD439F1003CEF8B /* Products */;
			projectDirPath = "";
			projectRoot = "";
			targets = (
				28AB5F0F2BD439F1003CEF8B /* iOS Assignment */,
			);
		};
/* End PBXProject section */

/* Begin PBXResourcesBuildPhase section */
		28AB5F0E2BD439F1003CEF8B /* Resources */ = {
			isa = PBXResourcesBuildPhase;
			buildActionMask = 2147483647;
			files = (
				28AB5F202BD439F6003CEF8B /* LaunchScreen.storyboard in Resources */,
				28AB5F1D2BD439F6003CEF8B /* Assets.xcassets in Resources */,
				28AB5F2A2BD53CA6003CEF8B /* MyCollectionViewCell.xib in Resources */,
				28AB5F1B2BD439F1003CEF8B /* Main.storyboard in Resources */,
			);
			runOnlyForDeploymentPostprocessing = 0;
		};
/* End PBXResourcesBuildPhase section */

/* Begin PBXSourcesBuildPhase section */
		28AB5F0C2BD439F1003CEF8B /* Sources */ = {
			isa = PBXSourcesBuildPhase;
			buildActionMask = 2147483647;
			files = (
				28AB5F302BD5754E003CEF8B /* ImageViewModel.swift in Sources */,
				28AB5F182BD439F1003CEF8B /* ViewController.swift in Sources */,
				28AB5F142BD439F1003CEF8B /* AppDelegate.swift in Sources */,
				28AB5F2E2BD5750A003CEF8B /* ImageModel.swift in Sources */,
				28AB5F2C2BD57483003CEF8B /* ImageLoader.swift in Sources */,
				28AB5F292BD53CA6003CEF8B /* MyCollectionViewCell.swift in Sources */,
				28AB5F162BD439F1003CEF8B /* SceneDelegate.swift in Sources */,
			);
			runOnlyForDeploymentPostprocessing = 0;
		};
/* End PBXSourcesBuildPhase section */

/* Begin PBXVariantGroup section */
		28AB5F192BD439F1003CEF8B /* Main.storyboard */ = {
			isa = PBXVariantGroup;
			children = (
				28AB5F1A2BD439F1003CEF8B /* Base */,
			);
			name = Main.storyboard;
			sourceTree = "<group>";
		};
		28AB5F1E2BD439F6003CEF8B /* LaunchScreen.storyboard */ = {
			isa = PBXVariantGroup;
			children = (
				28AB5F1F2BD439F6003CEF8B /* Base */,
			);
			name = LaunchScreen.storyboard;
			sourceTree = "<group>";
		};
/* End PBXVariantGroup section */

/* Begin XCBuildConfiguration section */
		28AB5F222BD439F6003CEF8B /* Debug */ = {
			isa = XCBuildConfiguration;
			buildSettings = {
				ALWAYS_SEARCH_USER_PATHS = NO;
				CLANG_ANALYZER_NONNULL = YES;
				CLANG_ANALYZER_NUMBER_OBJECT_CONVERSION = YES_AGGRESSIVE;
				CLANG_CXX_LANGUAGE_STANDARD = "gnu++14";
				CLANG_CXX_LIBRARY = "libc++";
				CLANG_ENABLE_MODULES = YES;
				CLANG_ENABLE_OBJC_ARC = YES;
				CLANG_ENABLE_OBJC_WEAK = YES;
				CLANG_WARN_BLOCK_CAPTURE_AUTORELEASING = YES;
				CLANG_WARN_BOOL_CONVERSION = YES;
				CLANG_WARN_COMMA = YES;
				CLANG_WARN_CONSTANT_CONVERSION = YES;
				CLANG_WARN_DEPRECATED_OBJC_IMPLEMENTATIONS = YES;
				CLANG_WARN_DIRECT_OBJC_ISA_USAGE = YES_ERROR;
				CLANG_WARN_DOCUMENTATION_COMMENTS = YES;
				CLANG_WARN_EMPTY_BODY = YES;
				CLANG_WARN_ENUM_CONVERSION = YES;
				CLANG_WARN_INFINITE_RECURSION = YES;
				CLANG_WARN_INT_CONVERSION = YES;
				CLANG_WARN_NON_LITERAL_NULL_CONVERSION = YES;
				CLANG_WARN_OBJC_IMPLICIT_RETAIN_SELF = YES;
				CLANG_WARN_OBJC_LITERAL_CONVERSION = YES;
				CLANG_WARN_OBJC_ROOT_CLASS = YES_ERROR;
				CLANG_WARN_QUOTED_INCLUDE_IN_FRAMEWORK_HEADER = YES;
				CLANG_WARN_RANGE_LOOP_ANALYSIS = YES;
				CLANG_WARN_STRICT_PROTOTYPES = YES;
				CLANG_WARN_SUSPICIOUS_MOVE = YES;
				CLANG_WARN_UNGUARDED_AVAILABILITY = YES_AGGRESSIVE;
				CLANG_WARN_UNREACHABLE_CODE = YES;
				CLANG_WARN__DUPLICATE_METHOD_MATCH = YES;
				COPY_PHASE_STRIP = NO;
				DEBUG_INFORMATION_FORMAT = dwarf;
				ENABLE_STRICT_OBJC_MSGSEND = YES;
				ENABLE_TESTABILITY = YES;
				GCC_C_LANGUAGE_STANDARD = gnu11;
				GCC_DYNAMIC_NO_PIC = NO;
				GCC_NO_COMMON_BLOCKS = YES;
				GCC_OPTIMIZATION_LEVEL = 0;
				GCC_PREPROCESSOR_DEFINITIONS = (
					"DEBUG=1",
					"$(inherited)",
				);
				GCC_WARN_64_TO_32_BIT_CONVERSION = YES;
				GCC_WARN_ABOUT_RETURN_TYPE = YES_ERROR;
				GCC_WARN_UNDECLARED_SELECTOR = YES;
				GCC_WARN_UNINITIALIZED_AUTOS = YES_AGGRESSIVE;
				GCC_WARN_UNUSED_FUNCTION = YES;
				GCC_WARN_UNUSED_VARIABLE = YES;
				IPHONEOS_DEPLOYMENT_TARGET = 14.5;
				MTL_ENABLE_DEBUG_INFO = INCLUDE_SOURCE;
				MTL_FAST_MATH = YES;
				ONLY_ACTIVE_ARCH = YES;
				SDKROOT = iphoneos;
				SWIFT_ACTIVE_COMPILATION_CONDITIONS = DEBUG;
				SWIFT_OPTIMIZATION_LEVEL = "-Onone";
			};
			name = Debug;
		};
		28AB5F232BD439F6003CEF8B /* Release */ = {
			isa = XCBuildConfiguration;
			buildSettings = {
				ALWAYS_SEARCH_USER_PATHS = NO;
				CLANG_ANALYZER_NONNULL = YES;
				CLANG_ANALYZER_NUMBER_OBJECT_CONVERSION = YES_AGGRESSIVE;
				CLANG_CXX_LANGUAGE_STANDARD = "gnu++14";
				CLANG_CXX_LIBRARY = "libc++";
				CLANG_ENABLE_MODULES = YES;
				CLANG_ENABLE_OBJC_ARC = YES;
				CLANG_ENABLE_OBJC_WEAK = YES;
				CLANG_WARN_BLOCK_CAPTURE_AUTORELEASING = YES;
				CLANG_WARN_BOOL_CONVERSION = YES;
				CLANG_WARN_COMMA = YES;
				CLANG_WARN_CONSTANT_CONVERSION = YES;
				CLANG_WARN_DEPRECATED_OBJC_IMPLEMENTATIONS = YES;
				CLANG_WARN_DIRECT_OBJC_ISA_USAGE = YES_ERROR;
				CLANG_WARN_DOCUMENTATION_COMMENTS = YES;
				CLANG_WARN_EMPTY_BODY = YES;
				CLANG_WARN_ENUM_CONVERSION = YES;
				CLANG_WARN_INFINITE_RECURSION = YES;
				CLANG_WARN_INT_CONVERSION = YES;
				CLANG_WARN_NON_LITERAL_NULL_CONVERSION = YES;
				CLANG_WARN_OBJC_IMPLICIT_RETAIN_SELF = YES;
				CLANG_WARN_OBJC_LITERAL_CONVERSION = YES;
				CLANG_WARN_OBJC_ROOT_CLASS = YES_ERROR;
				CLANG_WARN_QUOTED_INCLUDE_IN_FRAMEWORK_HEADER = YES;
				CLANG_WARN_RANGE_LOOP_ANALYSIS = YES;
				CLANG_WARN_STRICT_PROTOTYPES = YES;
				CLANG_WARN_SUSPICIOUS_MOVE = YES;
				CLANG_WARN_UNGUARDED_AVAILABILITY = YES_AGGRESSIVE;
				CLANG_WARN_UNREACHABLE_CODE = YES;
				CLANG_WARN__DUPLICATE_METHOD_MATCH = YES;
				COPY_PHASE_STRIP = NO;
				DEBUG_INFORMATION_FORMAT = "dwarf-with-dsym";
				ENABLE_NS_ASSERTIONS = NO;
				ENABLE_STRICT_OBJC_MSGSEND = YES;
				GCC_C_LANGUAGE_STANDARD = gnu11;
				GCC_NO_COMMON_BLOCKS = YES;
				GCC_WARN_64_TO_32_BIT_CONVERSION = YES;
				GCC_WARN_ABOUT_RETURN_TYPE = YES_ERROR;
				GCC_WARN_UNDECLARED_SELECTOR = YES;
				GCC_WARN_UNINITIALIZED_AUTOS = YES_AGGRESSIVE;
				GCC_WARN_UNUSED_FUNCTION = YES;
				GCC_WARN_UNUSED_VARIABLE = YES;
				IPHONEOS_DEPLOYMENT_TARGET = 14.5;
				MTL_ENABLE_DEBUG_INFO = NO;
				MTL_FAST_MATH = YES;
				SDKROOT = iphoneos;
				SWIFT_COMPILATION_MODE = wholemodule;
				SWIFT_OPTIMIZATION_LEVEL = "-O";
				VALIDATE_PRODUCT = YES;
			};
			name = Release;
		};
		28AB5F252BD439F6003CEF8B /* Debug */ = {
			isa = XCBuildConfiguration;
			buildSettings = {
				ASSETCATALOG_COMPILER_APPICON_NAME = AppIcon;
				ASSETCATALOG_COMPILER_GLOBAL_ACCENT_COLOR_NAME = AccentColor;
				CODE_SIGN_STYLE = Automatic;
				DEVELOPMENT_TEAM = D4AE72QMSM;
				INFOPLIST_FILE = "iOS Assignment/Info.plist";
				LD_RUNPATH_SEARCH_PATHS = (
					"$(inherited)",
					"@executable_path/Frameworks",
				);
				PRODUCT_BUNDLE_IDENTIFIER = "com.fpns.com.iOS-Assignment";
				PRODUCT_NAME = "$(TARGET_NAME)";
				SWIFT_VERSION = 5.0;
				TARGETED_DEVICE_FAMILY = "1,2";
			};
			name = Debug;
		};
		28AB5F262BD439F6003CEF8B /* Release */ = {
			isa = XCBuildConfiguration;
			buildSettings = {
				ASSETCATALOG_COMPILER_APPICON_NAME = AppIcon;
				ASSETCATALOG_COMPILER_GLOBAL_ACCENT_COLOR_NAME = AccentColor;
				CODE_SIGN_STYLE = Automatic;
				DEVELOPMENT_TEAM = D4AE72QMSM;
				INFOPLIST_FILE = "iOS Assignment/Info.plist";
				LD_RUNPATH_SEARCH_PATHS = (
					"$(inherited)",
					"@executable_path/Frameworks",
				);
				PRODUCT_BUNDLE_IDENTIFIER = "com.fpns.com.iOS-Assignment";
				PRODUCT_NAME = "$(TARGET_NAME)";
				SWIFT_VERSION = 5.0;
				TARGETED_DEVICE_FAMILY = "1,2";
			};
			name = Release;
		};
/* End XCBuildConfiguration section */

/* Begin XCConfigurationList section */
		28AB5F0B2BD439F1003CEF8B /* Build configuration list for PBXProject "iOS Assignment" */ = {
			isa = XCConfigurationList;
			buildConfigurations = (
				28AB5F222BD439F6003CEF8B /* Debug */,
				28AB5F232BD439F6003CEF8B /* Release */,
			);
			defaultConfigurationIsVisible = 0;
			defaultConfigurationName = Release;
		};
		28AB5F242BD439F6003CEF8B /* Build configuration list for PBXNativeTarget "iOS Assignment" */ = {
			isa = XCConfigurationList;
			buildConfigurations = (
				28AB5F252BD439F6003CEF8B /* Debug */,
				28AB5F262BD439F6003CEF8B /* Release */,
			);
			defaultConfigurationIsVisible = 0;
			defaultConfigurationName = Release;
		};
/* End XCConfigurationList section */
	};
	rootObject = 28AB5F082BD439F1003CEF8B /* Project object */;
}
