{
  "object": {
    "pins": [
      {
        "package": "Kingfisher",
        "repositoryURL": "https://github.com/onevcat/Kingfisher.git",
        "state": {
          "branch": null,
          "revision": "5b92f029fab2cce44386d28588098b5be0824ef5",
          "version": "7.11.0"
        }
      }
    ]
  },
  "version": 1
}
